// !$*UTF8*$!
{
	archiveVersion = 1;
	classes = {
	};
	objectVersion = 45;
	objects = {

/* Begin PBXBuildFile section */
		1D3623260D0F684500981E51 /* ObjectivePlurkAppDelegate.m in Sources */ = {isa = PBXBuildFile; fileRef = 1D3623250D0F684500981E51 /* ObjectivePlurkAppDelegate.m */; };
		1D60589B0D05DD56006BFB54 /* main.m in Sources */ = {isa = PBXBuildFile; fileRef = 29B97316FDCFA39411CA2CEA /* main.m */; };
		1D60589F0D05DD5A006BFB54 /* Foundation.framework in Frameworks */ = {isa = PBXBuildFile; fileRef = 1D30AB110D05D00D00671497 /* Foundation.framework */; };
		1DF5F4E00D08C38300B7A737 /* UIKit.framework in Frameworks */ = {isa = PBXBuildFile; fileRef = 1DF5F4DF0D08C38300B7A737 /* UIKit.framework */; };
		28860BE50F44EE6400985440 /* CoreData.framework in Frameworks */ = {isa = PBXBuildFile; fileRef = 28860BE40F44EE6400985440 /* CoreData.framework */; };
		2892E4100DC94CBA00A64D0F /* CoreGraphics.framework in Frameworks */ = {isa = PBXBuildFile; fileRef = 2892E40F0DC94CBA00A64D0F /* CoreGraphics.framework */; };
		2899E5600DE3E45000AC0155 /* RootViewController.xib in Resources */ = {isa = PBXBuildFile; fileRef = 2899E55F0DE3E45000AC0155 /* RootViewController.xib */; };
		28AD73600D9D9599002E5188 /* MainWindow.xib in Resources */ = {isa = PBXBuildFile; fileRef = 28AD735F0D9D9599002E5188 /* MainWindow.xib */; };
		28C286E10D94DF7D0034E888 /* RootViewController.m in Sources */ = {isa = PBXBuildFile; fileRef = 28C286E00D94DF7D0034E888 /* RootViewController.m */; };
		D4184F5E10CEF2AC00BEA197 /* MobileCoreServices.framework in Frameworks */ = {isa = PBXBuildFile; fileRef = D4184F5D10CEF2AC00BEA197 /* MobileCoreServices.framework */; };
		D418504D10CEF8DC00BEA197 /* priyanka.jpeg in Resources */ = {isa = PBXBuildFile; fileRef = D418504B10CEF8DC00BEA197 /* priyanka.jpeg */; };
		D418504E10CEF8DC00BEA197 /* zonble.jpeg in Resources */ = {isa = PBXBuildFile; fileRef = D418504C10CEF8DC00BEA197 /* zonble.jpeg */; };
		D47077EB10C995E400D8A198 /* LFHTTPRequest.m in Sources */ = {isa = PBXBuildFile; fileRef = D47077E510C995E400D8A198 /* LFHTTPRequest.m */; };
		D47077EC10C995E400D8A198 /* LFSiteReachability.m in Sources */ = {isa = PBXBuildFile; fileRef = D47077E710C995E400D8A198 /* LFSiteReachability.m */; };
		D47077ED10C995E400D8A198 /* NSData+LFHTTPFormExtensions.m in Sources */ = {isa = PBXBuildFile; fileRef = D47077EA10C995E400D8A198 /* NSData+LFHTTPFormExtensions.m */; };
		D47077FB10C9962000D8A198 /* BSJSONEncoder.m in Sources */ = {isa = PBXBuildFile; fileRef = D47077F210C9962000D8A198 /* BSJSONEncoder.m */; };
		D47077FC10C9962000D8A198 /* NSArray+BSJSONAdditions.m in Sources */ = {isa = PBXBuildFile; fileRef = D47077F410C9962000D8A198 /* NSArray+BSJSONAdditions.m */; };
		D47077FD10C9962000D8A198 /* NSDictionary+BSJSONAdditions.m in Sources */ = {isa = PBXBuildFile; fileRef = D47077F610C9962000D8A198 /* NSDictionary+BSJSONAdditions.m */; };
		D47077FE10C9962000D8A198 /* NSScanner+BSJSONAdditions.m in Sources */ = {isa = PBXBuildFile; fileRef = D47077F810C9962000D8A198 /* NSScanner+BSJSONAdditions.m */; };
		D47077FF10C9962000D8A198 /* NSString+BSJSONAdditions.m in Sources */ = {isa = PBXBuildFile; fileRef = D47077FA10C9962000D8A198 /* NSString+BSJSONAdditions.m */; };
		D470780510C9968B00D8A198 /* CFNetwork.framework in Frameworks */ = {isa = PBXBuildFile; fileRef = D470780410C9968B00D8A198 /* CFNetwork.framework */; };
		D470782110C996AE00D8A198 /* SystemConfiguration.framework in Frameworks */ = {isa = PBXBuildFile; fileRef = D470782010C996AE00D8A198 /* SystemConfiguration.framework */; };
		D470784F10C997D000D8A198 /* ObjectivePlurk.m in Sources */ = {isa = PBXBuildFile; fileRef = D470784E10C997D000D8A198 /* ObjectivePlurk.m */; };
		D4A5004E10C9B95700DB71B3 /* SystemConfiguration.framework in Frameworks */ = {isa = PBXBuildFile; fileRef = D470782010C996AE00D8A198 /* SystemConfiguration.framework */; };
		D4A5004F10C9B95700DB71B3 /* CFNetwork.framework in Frameworks */ = {isa = PBXBuildFile; fileRef = D470780410C9968B00D8A198 /* CFNetwork.framework */; };
		D4A5005010C9B95700DB71B3 /* UIKit.framework in Frameworks */ = {isa = PBXBuildFile; fileRef = 1DF5F4DF0D08C38300B7A737 /* UIKit.framework */; };
		D4A5005110C9B95700DB71B3 /* Foundation.framework in Frameworks */ = {isa = PBXBuildFile; fileRef = 1D30AB110D05D00D00671497 /* Foundation.framework */; };
		D4A5005210C9B95700DB71B3 /* CoreGraphics.framework in Frameworks */ = {isa = PBXBuildFile; fileRef = 2892E40F0DC94CBA00A64D0F /* CoreGraphics.framework */; };
		D4A5005310C9B95700DB71B3 /* CoreData.framework in Frameworks */ = {isa = PBXBuildFile; fileRef = 28860BE40F44EE6400985440 /* CoreData.framework */; };
		D4A5005410C9B95C00DB71B3 /* ObjectivePlurkTest.m in Sources */ = {isa = PBXBuildFile; fileRef = D4A5FF4610C9B8D100DB71B3 /* ObjectivePlurkTest.m */; };
		D4A5005510C9B96500DB71B3 /* ObjectivePlurk.m in Sources */ = {isa = PBXBuildFile; fileRef = D470784E10C997D000D8A198 /* ObjectivePlurk.m */; };
		D4A5005610C9B96A00DB71B3 /* BSJSONEncoder.m in Sources */ = {isa = PBXBuildFile; fileRef = D47077F210C9962000D8A198 /* BSJSONEncoder.m */; };
		D4A5005710C9B96A00DB71B3 /* NSArray+BSJSONAdditions.m in Sources */ = {isa = PBXBuildFile; fileRef = D47077F410C9962000D8A198 /* NSArray+BSJSONAdditions.m */; };
		D4A5005810C9B96A00DB71B3 /* NSDictionary+BSJSONAdditions.m in Sources */ = {isa = PBXBuildFile; fileRef = D47077F610C9962000D8A198 /* NSDictionary+BSJSONAdditions.m */; };
		D4A5005910C9B96A00DB71B3 /* NSScanner+BSJSONAdditions.m in Sources */ = {isa = PBXBuildFile; fileRef = D47077F810C9962000D8A198 /* NSScanner+BSJSONAdditions.m */; };
		D4A5005A10C9B96A00DB71B3 /* NSString+BSJSONAdditions.m in Sources */ = {isa = PBXBuildFile; fileRef = D47077FA10C9962000D8A198 /* NSString+BSJSONAdditions.m */; };
		D4A5005B10C9B97200DB71B3 /* LFHTTPRequest.m in Sources */ = {isa = PBXBuildFile; fileRef = D47077E510C995E400D8A198 /* LFHTTPRequest.m */; };
		D4A5005C10C9B97200DB71B3 /* LFSiteReachability.m in Sources */ = {isa = PBXBuildFile; fileRef = D47077E710C995E400D8A198 /* LFSiteReachability.m */; };
		D4A5005D10C9B97200DB71B3 /* NSData+LFHTTPFormExtensions.m in Sources */ = {isa = PBXBuildFile; fileRef = D47077EA10C995E400D8A198 /* NSData+LFHTTPFormExtensions.m */; };
		D4A503DA10C9E2A000DB71B3 /* ObjectivePlurk+PrivateMethods.m in Sources */ = {isa = PBXBuildFile; fileRef = D4A503D910C9E2A000DB71B3 /* ObjectivePlurk+PrivateMethods.m */; };
/* End PBXBuildFile section */

/* Begin PBXFileReference section */
		1D30AB110D05D00D00671497 /* Foundation.framework */ = {isa = PBXFileReference; lastKnownFileType = wrapper.framework; name = Foundation.framework; path = System/Library/Frameworks/Foundation.framework; sourceTree = SDKROOT; };
		1D3623240D0F684500981E51 /* ObjectivePlurkAppDelegate.h */ = {isa = PBXFileReference; fileEncoding = 4; lastKnownFileType = sourcecode.c.h; path = ObjectivePlurkAppDelegate.h; sourceTree = "<group>"; };
		1D3623250D0F684500981E51 /* ObjectivePlurkAppDelegate.m */ = {isa = PBXFileReference; fileEncoding = 4; lastKnownFileType = sourcecode.c.objc; path = ObjectivePlurkAppDelegate.m; sourceTree = "<group>"; };
		1D6058910D05DD3D006BFB54 /* ObjectivePlurk.app */ = {isa = PBXFileReference; explicitFileType = wrapper.application; includeInIndex = 0; path = ObjectivePlurk.app; sourceTree = BUILT_PRODUCTS_DIR; };
		1DF5F4DF0D08C38300B7A737 /* UIKit.framework */ = {isa = PBXFileReference; lastKnownFileType = wrapper.framework; name = UIKit.framework; path = System/Library/Frameworks/UIKit.framework; sourceTree = SDKROOT; };
		28860BE40F44EE6400985440 /* CoreData.framework */ = {isa = PBXFileReference; lastKnownFileType = wrapper.framework; name = CoreData.framework; path = System/Library/Frameworks/CoreData.framework; sourceTree = SDKROOT; };
		2892E40F0DC94CBA00A64D0F /* CoreGraphics.framework */ = {isa = PBXFileReference; lastKnownFileType = wrapper.framework; name = CoreGraphics.framework; path = System/Library/Frameworks/CoreGraphics.framework; sourceTree = SDKROOT; };
		2899E55F0DE3E45000AC0155 /* RootViewController.xib */ = {isa = PBXFileReference; lastKnownFileType = file.xib; path = RootViewController.xib; sourceTree = "<group>"; };
		28A0AAE50D9B0CCF005BE974 /* ObjectivePlurk_Prefix.pch */ = {isa = PBXFileReference; fileEncoding = 4; lastKnownFileType = sourcecode.c.h; path = ObjectivePlurk_Prefix.pch; sourceTree = "<group>"; };
		28AD735F0D9D9599002E5188 /* MainWindow.xib */ = {isa = PBXFileReference; lastKnownFileType = file.xib; path = MainWindow.xib; sourceTree = "<group>"; };
		28C286DF0D94DF7D0034E888 /* RootViewController.h */ = {isa = PBXFileReference; fileEncoding = 4; lastKnownFileType = sourcecode.c.h; path = RootViewController.h; sourceTree = "<group>"; };
		28C286E00D94DF7D0034E888 /* RootViewController.m */ = {isa = PBXFileReference; fileEncoding = 4; lastKnownFileType = sourcecode.c.objc; path = RootViewController.m; sourceTree = "<group>"; };
		29B97316FDCFA39411CA2CEA /* main.m */ = {isa = PBXFileReference; fileEncoding = 4; lastKnownFileType = sourcecode.c.objc; path = main.m; sourceTree = "<group>"; };
		8D1107310486CEB800E47090 /* ObjectivePlurk-Info.plist */ = {isa = PBXFileReference; fileEncoding = 4; lastKnownFileType = text.plist.xml; path = "ObjectivePlurk-Info.plist"; plistStructureDefinitionIdentifier = "com.apple.xcode.plist.structure-definition.iphone.info-plist"; sourceTree = "<group>"; };
		D4184F5D10CEF2AC00BEA197 /* MobileCoreServices.framework */ = {isa = PBXFileReference; lastKnownFileType = wrapper.framework; name = MobileCoreServices.framework; path = System/Library/Frameworks/MobileCoreServices.framework; sourceTree = SDKROOT; };
		D418504B10CEF8DC00BEA197 /* priyanka.jpeg */ = {isa = PBXFileReference; lastKnownFileType = image.jpeg; name = priyanka.jpeg; path = Image/priyanka.jpeg; sourceTree = "<group>"; };
		D418504C10CEF8DC00BEA197 /* zonble.jpeg */ = {isa = PBXFileReference; lastKnownFileType = image.jpeg; name = zonble.jpeg; path = Image/zonble.jpeg; sourceTree = "<group>"; };
		D47077E410C995E400D8A198 /* LFHTTPRequest.h */ = {isa = PBXFileReference; fileEncoding = 4; lastKnownFileType = sourcecode.c.h; name = LFHTTPRequest.h; path = ExternalLibraries/LFWebAPIKit/LFHTTPRequest.h; sourceTree = "<group>"; };
		D47077E510C995E400D8A198 /* LFHTTPRequest.m */ = {isa = PBXFileReference; fileEncoding = 4; lastKnownFileType = sourcecode.c.objc; name = LFHTTPRequest.m; path = ExternalLibraries/LFWebAPIKit/LFHTTPRequest.m; sourceTree = "<group>"; };
		D47077E610C995E400D8A198 /* LFSiteReachability.h */ = {isa = PBXFileReference; fileEncoding = 4; lastKnownFileType = sourcecode.c.h; name = LFSiteReachability.h; path = ExternalLibraries/LFWebAPIKit/LFSiteReachability.h; sourceTree = "<group>"; };
		D47077E710C995E400D8A198 /* LFSiteReachability.m */ = {isa = PBXFileReference; fileEncoding = 4; lastKnownFileType = sourcecode.c.objc; name = LFSiteReachability.m; path = ExternalLibraries/LFWebAPIKit/LFSiteReachability.m; sourceTree = "<group>"; };
		D47077E810C995E400D8A198 /* LFWebAPIKit.h */ = {isa = PBXFileReference; fileEncoding = 4; lastKnownFileType = sourcecode.c.h; name = LFWebAPIKit.h; path = ExternalLibraries/LFWebAPIKit/LFWebAPIKit.h; sourceTree = "<group>"; };
		D47077E910C995E400D8A198 /* NSData+LFHTTPFormExtensions.h */ = {isa = PBXFileReference; fileEncoding = 4; lastKnownFileType = sourcecode.c.h; name = "NSData+LFHTTPFormExtensions.h"; path = "ExternalLibraries/LFWebAPIKit/NSData+LFHTTPFormExtensions.h"; sourceTree = "<group>"; };
		D47077EA10C995E400D8A198 /* NSData+LFHTTPFormExtensions.m */ = {isa = PBXFileReference; fileEncoding = 4; lastKnownFileType = sourcecode.c.objc; name = "NSData+LFHTTPFormExtensions.m"; path = "ExternalLibraries/LFWebAPIKit/NSData+LFHTTPFormExtensions.m"; sourceTree = "<group>"; };
		D47077F110C9962000D8A198 /* BSJSONEncoder.h */ = {isa = PBXFileReference; fileEncoding = 4; lastKnownFileType = sourcecode.c.h; name = BSJSONEncoder.h; path = ExternalLibraries/bsjsonadditions/BSJSONEncoder.h; sourceTree = "<group>"; };
		D47077F210C9962000D8A198 /* BSJSONEncoder.m */ = {isa = PBXFileReference; fileEncoding = 4; lastKnownFileType = sourcecode.c.objc; name = BSJSONEncoder.m; path = ExternalLibraries/bsjsonadditions/BSJSONEncoder.m; sourceTree = "<group>"; };
		D47077F310C9962000D8A198 /* NSArray+BSJSONAdditions.h */ = {isa = PBXFileReference; fileEncoding = 4; lastKnownFileType = sourcecode.c.h; name = "NSArray+BSJSONAdditions.h"; path = "ExternalLibraries/bsjsonadditions/NSArray+BSJSONAdditions.h"; sourceTree = "<group>"; };
		D47077F410C9962000D8A198 /* NSArray+BSJSONAdditions.m */ = {isa = PBXFileReference; fileEncoding = 4; lastKnownFileType = sourcecode.c.objc; name = "NSArray+BSJSONAdditions.m"; path = "ExternalLibraries/bsjsonadditions/NSArray+BSJSONAdditions.m"; sourceTree = "<group>"; };
		D47077F510C9962000D8A198 /* NSDictionary+BSJSONAdditions.h */ = {isa = PBXFileReference; fileEncoding = 4; lastKnownFileType = sourcecode.c.h; name = "NSDictionary+BSJSONAdditions.h"; path = "ExternalLibraries/bsjsonadditions/NSDictionary+BSJSONAdditions.h"; sourceTree = "<group>"; };
		D47077F610C9962000D8A198 /* NSDictionary+BSJSONAdditions.m */ = {isa = PBXFileReference; fileEncoding = 4; lastKnownFileType = sourcecode.c.objc; name = "NSDictionary+BSJSONAdditions.m"; path = "ExternalLibraries/bsjsonadditions/NSDictionary+BSJSONAdditions.m"; sourceTree = "<group>"; };
		D47077F710C9962000D8A198 /* NSScanner+BSJSONAdditions.h */ = {isa = PBXFileReference; fileEncoding = 4; lastKnownFileType = sourcecode.c.h; name = "NSScanner+BSJSONAdditions.h"; path = "ExternalLibraries/bsjsonadditions/NSScanner+BSJSONAdditions.h"; sourceTree = "<group>"; };
		D47077F810C9962000D8A198 /* NSScanner+BSJSONAdditions.m */ = {isa = PBXFileReference; fileEncoding = 4; lastKnownFileType = sourcecode.c.objc; name = "NSScanner+BSJSONAdditions.m"; path = "ExternalLibraries/bsjsonadditions/NSScanner+BSJSONAdditions.m"; sourceTree = "<group>"; };
		D47077F910C9962000D8A198 /* NSString+BSJSONAdditions.h */ = {isa = PBXFileReference; fileEncoding = 4; lastKnownFileType = sourcecode.c.h; name = "NSString+BSJSONAdditions.h"; path = "ExternalLibraries/bsjsonadditions/NSString+BSJSONAdditions.h"; sourceTree = "<group>"; };
		D47077FA10C9962000D8A198 /* NSString+BSJSONAdditions.m */ = {isa = PBXFileReference; fileEncoding = 4; lastKnownFileType = sourcecode.c.objc; name = "NSString+BSJSONAdditions.m"; path = "ExternalLibraries/bsjsonadditions/NSString+BSJSONAdditions.m"; sourceTree = "<group>"; };
		D470780410C9968B00D8A198 /* CFNetwork.framework */ = {isa = PBXFileReference; lastKnownFileType = wrapper.framework; name = CFNetwork.framework; path = System/Library/Frameworks/CFNetwork.framework; sourceTree = SDKROOT; };
		D470782010C996AE00D8A198 /* SystemConfiguration.framework */ = {isa = PBXFileReference; lastKnownFileType = wrapper.framework; name = SystemConfiguration.framework; path = System/Library/Frameworks/SystemConfiguration.framework; sourceTree = SDKROOT; };
		D470784710C996FE00D8A198 /* PlurkAPI.h */ = {isa = PBXFileReference; fileEncoding = 4; lastKnownFileType = sourcecode.c.h; path = PlurkAPI.h; sourceTree = "<group>"; };
		D470784D10C997D000D8A198 /* ObjectivePlurk.h */ = {isa = PBXFileReference; fileEncoding = 4; lastKnownFileType = sourcecode.c.h; name = ObjectivePlurk.h; path = API/ObjectivePlurk.h; sourceTree = "<group>"; };
		D470784E10C997D000D8A198 /* ObjectivePlurk.m */ = {isa = PBXFileReference; fileEncoding = 4; lastKnownFileType = sourcecode.c.objc; name = ObjectivePlurk.m; path = API/ObjectivePlurk.m; sourceTree = "<group>"; };
		D4A503D810C9E2A000DB71B3 /* ObjectivePlurk+PrivateMethods.h */ = {isa = PBXFileReference; fileEncoding = 4; lastKnownFileType = sourcecode.c.h; name = "ObjectivePlurk+PrivateMethods.h"; path = "API/ObjectivePlurk+PrivateMethods.h"; sourceTree = "<group>"; };
		D4A503D910C9E2A000DB71B3 /* ObjectivePlurk+PrivateMethods.m */ = {isa = PBXFileReference; fileEncoding = 4; lastKnownFileType = sourcecode.c.objc; name = "ObjectivePlurk+PrivateMethods.m"; path = "API/ObjectivePlurk+PrivateMethods.m"; sourceTree = "<group>"; };
		D4A5FF3C10C9B86E00DB71B3 /* APITest.octest */ = {isa = PBXFileReference; explicitFileType = wrapper.cfbundle; includeInIndex = 0; path = APITest.octest; sourceTree = BUILT_PRODUCTS_DIR; };
		D4A5FF3D10C9B86E00DB71B3 /* APITest-Info.plist */ = {isa = PBXFileReference; lastKnownFileType = text.plist.xml; path = "APITest-Info.plist"; sourceTree = "<group>"; };
		D4A5FF4510C9B8D100DB71B3 /* ObjectivePlurkTest.h */ = {isa = PBXFileReference; fileEncoding = 4; lastKnownFileType = sourcecode.c.h; name = ObjectivePlurkTest.h; path = Test/ObjectivePlurkTest.h; sourceTree = "<group>"; };
		D4A5FF4610C9B8D100DB71B3 /* ObjectivePlurkTest.m */ = {isa = PBXFileReference; fileEncoding = 4; lastKnownFileType = sourcecode.c.objc; name = ObjectivePlurkTest.m; path = Test/ObjectivePlurkTest.m; sourceTree = "<group>"; };
/* End PBXFileReference section */

/* Begin PBXFrameworksBuildPhase section */
		1D60588F0D05DD3D006BFB54 /* Frameworks */ = {
			isa = PBXFrameworksBuildPhase;
			buildActionMask = 2147483647;
			files = (
				1D60589F0D05DD5A006BFB54 /* Foundation.framework in Frameworks */,
				1DF5F4E00D08C38300B7A737 /* UIKit.framework in Frameworks */,
				2892E4100DC94CBA00A64D0F /* CoreGraphics.framework in Frameworks */,
				28860BE50F44EE6400985440 /* CoreData.framework in Frameworks */,
				D470780510C9968B00D8A198 /* CFNetwork.framework in Frameworks */,
				D470782110C996AE00D8A198 /* SystemConfiguration.framework in Frameworks */,
				D4184F5E10CEF2AC00BEA197 /* MobileCoreServices.framework in Frameworks */,
			);
			runOnlyForDeploymentPostprocessing = 0;
		};
		D4A5FF3910C9B86E00DB71B3 /* Frameworks */ = {
			isa = PBXFrameworksBuildPhase;
			buildActionMask = 2147483647;
			files = (
				D4A5004E10C9B95700DB71B3 /* SystemConfiguration.framework in Frameworks */,
				D4A5004F10C9B95700DB71B3 /* CFNetwork.framework in Frameworks */,
				D4A5005010C9B95700DB71B3 /* UIKit.framework in Frameworks */,
				D4A5005110C9B95700DB71B3 /* Foundation.framework in Frameworks */,
				D4A5005210C9B95700DB71B3 /* CoreGraphics.framework in Frameworks */,
				D4A5005310C9B95700DB71B3 /* CoreData.framework in Frameworks */,
			);
			runOnlyForDeploymentPostprocessing = 0;
		};
/* End PBXFrameworksBuildPhase section */

/* Begin PBXGroup section */
		080E96DDFE201D6D7F000001 /* Classes */ = {
			isa = PBXGroup;
			children = (
				28C286DF0D94DF7D0034E888 /* RootViewController.h */,
				28C286E00D94DF7D0034E888 /* RootViewController.m */,
				1D3623240D0F684500981E51 /* ObjectivePlurkAppDelegate.h */,
				1D3623250D0F684500981E51 /* ObjectivePlurkAppDelegate.m */,
			);
			path = Classes;
			sourceTree = "<group>";
		};
		19C28FACFE9D520D11CA2CBB /* Products */ = {
			isa = PBXGroup;
			children = (
				1D6058910D05DD3D006BFB54 /* ObjectivePlurk.app */,
				D4A5FF3C10C9B86E00DB71B3 /* APITest.octest */,
			);
			name = Products;
			sourceTree = "<group>";
		};
		29B97314FDCFA39411CA2CEA /* CustomTemplate */ = {
			isa = PBXGroup;
			children = (
				D4A5FF3210C9B85000DB71B3 /* Test */,
				D470784510C996E600D8A198 /* API Box */,
				D47077E210C995C700D8A198 /* Exrernal Libraries */,
				080E96DDFE201D6D7F000001 /* Classes */,
				29B97315FDCFA39411CA2CEA /* Other Sources */,
				29B97317FDCFA39411CA2CEA /* Resources */,
				29B97323FDCFA39411CA2CEA /* Frameworks */,
				19C28FACFE9D520D11CA2CBB /* Products */,
				D4A5FF3D10C9B86E00DB71B3 /* APITest-Info.plist */,
			);
			name = CustomTemplate;
			sourceTree = "<group>";
		};
		29B97315FDCFA39411CA2CEA /* Other Sources */ = {
			isa = PBXGroup;
			children = (
				28A0AAE50D9B0CCF005BE974 /* ObjectivePlurk_Prefix.pch */,
				29B97316FDCFA39411CA2CEA /* main.m */,
			);
			name = "Other Sources";
			sourceTree = "<group>";
		};
		29B97317FDCFA39411CA2CEA /* Resources */ = {
			isa = PBXGroup;
			children = (
				D418504710CEF8D400BEA197 /* Images */,
				2899E55F0DE3E45000AC0155 /* RootViewController.xib */,
				28AD735F0D9D9599002E5188 /* MainWindow.xib */,
				8D1107310486CEB800E47090 /* ObjectivePlurk-Info.plist */,
			);
			name = Resources;
			sourceTree = "<group>";
		};
		29B97323FDCFA39411CA2CEA /* Frameworks */ = {
			isa = PBXGroup;
			children = (
				D4184F5D10CEF2AC00BEA197 /* MobileCoreServices.framework */,
				D470782010C996AE00D8A198 /* SystemConfiguration.framework */,
				D470780410C9968B00D8A198 /* CFNetwork.framework */,
				1DF5F4DF0D08C38300B7A737 /* UIKit.framework */,
				1D30AB110D05D00D00671497 /* Foundation.framework */,
				2892E40F0DC94CBA00A64D0F /* CoreGraphics.framework */,
				28860BE40F44EE6400985440 /* CoreData.framework */,
			);
			name = Frameworks;
			sourceTree = "<group>";
		};
		D418504710CEF8D400BEA197 /* Images */ = {
			isa = PBXGroup;
			children = (
				D418504B10CEF8DC00BEA197 /* priyanka.jpeg */,
				D418504C10CEF8DC00BEA197 /* zonble.jpeg */,
			);
			name = Images;
			sourceTree = "<group>";
		};
		D47077E210C995C700D8A198 /* Exrernal Libraries */ = {
			isa = PBXGroup;
			children = (
				D47077EE10C995F400D8A198 /* bsjsonadditions */,
				D47077E310C995DA00D8A198 /* LFWebAPIKit */,
			);
			name = "Exrernal Libraries";
			sourceTree = "<group>";
		};
		D47077E310C995DA00D8A198 /* LFWebAPIKit */ = {
			isa = PBXGroup;
			children = (
				D47077E410C995E400D8A198 /* LFHTTPRequest.h */,
				D47077E510C995E400D8A198 /* LFHTTPRequest.m */,
				D47077E610C995E400D8A198 /* LFSiteReachability.h */,
				D47077E710C995E400D8A198 /* LFSiteReachability.m */,
				D47077E810C995E400D8A198 /* LFWebAPIKit.h */,
				D47077E910C995E400D8A198 /* NSData+LFHTTPFormExtensions.h */,
				D47077EA10C995E400D8A198 /* NSData+LFHTTPFormExtensions.m */,
			);
			name = LFWebAPIKit;
			sourceTree = "<group>";
		};
		D47077EE10C995F400D8A198 /* bsjsonadditions */ = {
			isa = PBXGroup;
			children = (
				D47077F110C9962000D8A198 /* BSJSONEncoder.h */,
				D47077F210C9962000D8A198 /* BSJSONEncoder.m */,
				D47077F310C9962000D8A198 /* NSArray+BSJSONAdditions.h */,
				D47077F410C9962000D8A198 /* NSArray+BSJSONAdditions.m */,
				D47077F510C9962000D8A198 /* NSDictionary+BSJSONAdditions.h */,
				D47077F610C9962000D8A198 /* NSDictionary+BSJSONAdditions.m */,
				D47077F710C9962000D8A198 /* NSScanner+BSJSONAdditions.h */,
				D47077F810C9962000D8A198 /* NSScanner+BSJSONAdditions.m */,
				D47077F910C9962000D8A198 /* NSString+BSJSONAdditions.h */,
				D47077FA10C9962000D8A198 /* NSString+BSJSONAdditions.m */,
			);
			name = bsjsonadditions;
			sourceTree = "<group>";
		};
		D470784510C996E600D8A198 /* API Box */ = {
			isa = PBXGroup;
			children = (
				D470784710C996FE00D8A198 /* PlurkAPI.h */,
				D470784D10C997D000D8A198 /* ObjectivePlurk.h */,
				D470784E10C997D000D8A198 /* ObjectivePlurk.m */,
				D4A503D810C9E2A000DB71B3 /* ObjectivePlurk+PrivateMethods.h */,
				D4A503D910C9E2A000DB71B3 /* ObjectivePlurk+PrivateMethods.m */,
			);
			name = "API Box";
			sourceTree = "<group>";
		};
		D4A5FF3210C9B85000DB71B3 /* Test */ = {
			isa = PBXGroup;
			children = (
				D4A5FF4510C9B8D100DB71B3 /* ObjectivePlurkTest.h */,
				D4A5FF4610C9B8D100DB71B3 /* ObjectivePlurkTest.m */,
			);
			name = Test;
			sourceTree = "<group>";
		};
/* End PBXGroup section */

/* Begin PBXNativeTarget section */
		1D6058900D05DD3D006BFB54 /* ObjectivePlurk */ = {
			isa = PBXNativeTarget;
			buildConfigurationList = 1D6058960D05DD3E006BFB54 /* Build configuration list for PBXNativeTarget "ObjectivePlurk" */;
			buildPhases = (
				1D60588D0D05DD3D006BFB54 /* Resources */,
				1D60588E0D05DD3D006BFB54 /* Sources */,
				1D60588F0D05DD3D006BFB54 /* Frameworks */,
			);
			buildRules = (
			);
			dependencies = (
			);
			name = ObjectivePlurk;
			productName = ObjectivePlurk;
			productReference = 1D6058910D05DD3D006BFB54 /* ObjectivePlurk.app */;
			productType = "com.apple.product-type.application";
		};
		D4A5FF3B10C9B86E00DB71B3 /* APITest */ = {
			isa = PBXNativeTarget;
			buildConfigurationList = D4A5FF4010C9B86F00DB71B3 /* Build configuration list for PBXNativeTarget "APITest" */;
			buildPhases = (
				D4A5FF3710C9B86E00DB71B3 /* Resources */,
				D4A5FF3810C9B86E00DB71B3 /* Sources */,
				D4A5FF3910C9B86E00DB71B3 /* Frameworks */,
				D4A5FF3A10C9B86E00DB71B3 /* ShellScript */,
			);
			buildRules = (
			);
			dependencies = (
			);
			name = APITest;
			productName = APITest;
			productReference = D4A5FF3C10C9B86E00DB71B3 /* APITest.octest */;
			productType = "com.apple.product-type.bundle";
		};
/* End PBXNativeTarget section */

/* Begin PBXProject section */
		29B97313FDCFA39411CA2CEA /* Project object */ = {
			isa = PBXProject;
			buildConfigurationList = C01FCF4E08A954540054247B /* Build configuration list for PBXProject "ObjectivePlurk" */;
			compatibilityVersion = "Xcode 3.1";
			hasScannedForEncodings = 1;
			knownRegions = (
				English,
				Japanese,
				French,
				German,
				en,
			);
			mainGroup = 29B97314FDCFA39411CA2CEA /* CustomTemplate */;
			projectDirPath = "";
			projectRoot = "";
			targets = (
				1D6058900D05DD3D006BFB54 /* ObjectivePlurk */,
				D4A5FF3B10C9B86E00DB71B3 /* APITest */,
			);
		};
/* End PBXProject section */

/* Begin PBXResourcesBuildPhase section */
		1D60588D0D05DD3D006BFB54 /* Resources */ = {
			isa = PBXResourcesBuildPhase;
			buildActionMask = 2147483647;
			files = (
				28AD73600D9D9599002E5188 /* MainWindow.xib in Resources */,
				2899E5600DE3E45000AC0155 /* RootViewController.xib in Resources */,
				D418504D10CEF8DC00BEA197 /* priyanka.jpeg in Resources */,
				D418504E10CEF8DC00BEA197 /* zonble.jpeg in Resources */,
			);
			runOnlyForDeploymentPostprocessing = 0;
		};
		D4A5FF3710C9B86E00DB71B3 /* Resources */ = {
			isa = PBXResourcesBuildPhase;
			buildActionMask = 2147483647;
			files = (
			);
			runOnlyForDeploymentPostprocessing = 0;
		};
/* End PBXResourcesBuildPhase section */

/* Begin PBXShellScriptBuildPhase section */
		D4A5FF3A10C9B86E00DB71B3 /* ShellScript */ = {
			isa = PBXShellScriptBuildPhase;
			buildActionMask = 2147483647;
			files = (
			);
			inputPaths = (
			);
			outputPaths = (
			);
			runOnlyForDeploymentPostprocessing = 0;
			shellPath = /bin/sh;
			shellScript = "# Run the unit tests in this test bundle.\n\"${SYSTEM_DEVELOPER_DIR}/Tools/RunUnitTests\"\n";
		};
/* End PBXShellScriptBuildPhase section */

/* Begin PBXSourcesBuildPhase section */
		1D60588E0D05DD3D006BFB54 /* Sources */ = {
			isa = PBXSourcesBuildPhase;
			buildActionMask = 2147483647;
			files = (
				1D60589B0D05DD56006BFB54 /* main.m in Sources */,
				1D3623260D0F684500981E51 /* ObjectivePlurkAppDelegate.m in Sources */,
				28C286E10D94DF7D0034E888 /* RootViewController.m in Sources */,
				D47077EB10C995E400D8A198 /* LFHTTPRequest.m in Sources */,
				D47077EC10C995E400D8A198 /* LFSiteReachability.m in Sources */,
				D47077ED10C995E400D8A198 /* NSData+LFHTTPFormExtensions.m in Sources */,
				D47077FB10C9962000D8A198 /* BSJSONEncoder.m in Sources */,
				D47077FC10C9962000D8A198 /* NSArray+BSJSONAdditions.m in Sources */,
				D47077FD10C9962000D8A198 /* NSDictionary+BSJSONAdditions.m in Sources */,
				D47077FE10C9962000D8A198 /* NSScanner+BSJSONAdditions.m in Sources */,
				D47077FF10C9962000D8A198 /* NSString+BSJSONAdditions.m in Sources */,
				D470784F10C997D000D8A198 /* ObjectivePlurk.m in Sources */,
				D4A503DA10C9E2A000DB71B3 /* ObjectivePlurk+PrivateMethods.m in Sources */,
			);
			runOnlyForDeploymentPostprocessing = 0;
		};
		D4A5FF3810C9B86E00DB71B3 /* Sources */ = {
			isa = PBXSourcesBuildPhase;
			buildActionMask = 2147483647;
			files = (
				D4A5005B10C9B97200DB71B3 /* LFHTTPRequest.m in Sources */,
				D4A5005C10C9B97200DB71B3 /* LFSiteReachability.m in Sources */,
				D4A5005D10C9B97200DB71B3 /* NSData+LFHTTPFormExtensions.m in Sources */,
				D4A5005610C9B96A00DB71B3 /* BSJSONEncoder.m in Sources */,
				D4A5005710C9B96A00DB71B3 /* NSArray+BSJSONAdditions.m in Sources */,
				D4A5005810C9B96A00DB71B3 /* NSDictionary+BSJSONAdditions.m in Sources */,
				D4A5005910C9B96A00DB71B3 /* NSScanner+BSJSONAdditions.m in Sources */,
				D4A5005A10C9B96A00DB71B3 /* NSString+BSJSONAdditions.m in Sources */,
				D4A5005510C9B96500DB71B3 /* ObjectivePlurk.m in Sources */,
				D4A5005410C9B95C00DB71B3 /* ObjectivePlurkTest.m in Sources */,
			);
			runOnlyForDeploymentPostprocessing = 0;
		};
/* End PBXSourcesBuildPhase section */

/* Begin XCBuildConfiguration section */
		1D6058940D05DD3E006BFB54 /* Debug */ = {
			isa = XCBuildConfiguration;
			buildSettings = {
				ALWAYS_SEARCH_USER_PATHS = NO;
				COPY_PHASE_STRIP = NO;
				GCC_DYNAMIC_NO_PIC = NO;
				GCC_OPTIMIZATION_LEVEL = 0;
				GCC_PRECOMPILE_PREFIX_HEADER = YES;
				GCC_PREFIX_HEADER = ObjectivePlurk_Prefix.pch;
				INFOPLIST_FILE = "ObjectivePlurk-Info.plist";
				PRODUCT_NAME = ObjectivePlurk;
			};
			name = Debug;
		};
		1D6058950D05DD3E006BFB54 /* Release */ = {
			isa = XCBuildConfiguration;
			buildSettings = {
				ALWAYS_SEARCH_USER_PATHS = NO;
				COPY_PHASE_STRIP = YES;
				GCC_PRECOMPILE_PREFIX_HEADER = YES;
				GCC_PREFIX_HEADER = ObjectivePlurk_Prefix.pch;
				INFOPLIST_FILE = "ObjectivePlurk-Info.plist";
				PRODUCT_NAME = ObjectivePlurk;
			};
			name = Release;
		};
		C01FCF4F08A954540054247B /* Debug */ = {
			isa = XCBuildConfiguration;
			buildSettings = {
				ARCHS = "$(ARCHS_STANDARD_32_BIT)";
				"CODE_SIGN_IDENTITY[sdk=iphoneos*]" = "iPhone Developer";
				GCC_C_LANGUAGE_STANDARD = c99;
				GCC_WARN_ABOUT_RETURN_TYPE = YES;
				GCC_WARN_UNUSED_VARIABLE = YES;
				PREBINDING = NO;
				SDKROOT = iphoneos3.1.2;
			};
			name = Debug;
		};
		C01FCF5008A954540054247B /* Release */ = {
			isa = XCBuildConfiguration;
			buildSettings = {
				ARCHS = "$(ARCHS_STANDARD_32_BIT)";
				"CODE_SIGN_IDENTITY[sdk=iphoneos*]" = "iPhone Developer";
				GCC_C_LANGUAGE_STANDARD = c99;
				GCC_WARN_ABOUT_RETURN_TYPE = YES;
				GCC_WARN_UNUSED_VARIABLE = YES;
				PREBINDING = NO;
				SDKROOT = iphoneos3.1.2;
			};
			name = Release;
		};
		D4A5FF3E10C9B86F00DB71B3 /* Debug */ = {
			isa = XCBuildConfiguration;
			buildSettings = {
				ALWAYS_SEARCH_USER_PATHS = NO;
				COPY_PHASE_STRIP = NO;
				FRAMEWORK_SEARCH_PATHS = (
					"\"$(SDKROOT)/Developer/Library/Frameworks\"",
					"\"$(DEVELOPER_LIBRARY_DIR)/Frameworks\"",
				);
				GCC_DYNAMIC_NO_PIC = NO;
				GCC_ENABLE_FIX_AND_CONTINUE = NO;
				GCC_ENABLE_OBJC_EXCEPTIONS = YES;
				GCC_OPTIMIZATION_LEVEL = 0;
				INFOPLIST_FILE = "APITest-Info.plist";
				OTHER_LDFLAGS = (
					"-framework",
					Foundation,
					"-framework",
					SenTestingKit,
					"-framework",
					UIKit,
				);
				PREBINDING = NO;
				PRODUCT_NAME = APITest;
				WRAPPER_EXTENSION = octest;
			};
			name = Debug;
		};
		D4A5FF3F10C9B86F00DB71B3 /* Release */ = {
			isa = XCBuildConfiguration;
			buildSettings = {
				ALWAYS_SEARCH_USER_PATHS = NO;
				COPY_PHASE_STRIP = YES;
				DEBUG_INFORMATION_FORMAT = "dwarf-with-dsym";
				FRAMEWORK_SEARCH_PATHS = (
					"\"$(SDKROOT)/Developer/Library/Frameworks\"",
					"\"$(DEVELOPER_LIBRARY_DIR)/Frameworks\"",
				);
				GCC_ENABLE_FIX_AND_CONTINUE = NO;
				GCC_ENABLE_OBJC_EXCEPTIONS = YES;
				INFOPLIST_FILE = "APITest-Info.plist";
				OTHER_LDFLAGS = (
					"-framework",
					Foundation,
					"-framework",
					SenTestingKit,
					"-framework",
					UIKit,
				);
				PREBINDING = NO;
				PRODUCT_NAME = APITest;
				WRAPPER_EXTENSION = octest;
				ZERO_LINK = NO;
			};
			name = Release;
		};
/* End XCBuildConfiguration section */

/* Begin XCConfigurationList section */
		1D6058960D05DD3E006BFB54 /* Build configuration list for PBXNativeTarget "ObjectivePlurk" */ = {
			isa = XCConfigurationList;
			buildConfigurations = (
				1D6058940D05DD3E006BFB54 /* Debug */,
				1D6058950D05DD3E006BFB54 /* Release */,
			);
			defaultConfigurationIsVisible = 0;
			defaultConfigurationName = Release;
		};
		C01FCF4E08A954540054247B /* Build configuration list for PBXProject "ObjectivePlurk" */ = {
			isa = XCConfigurationList;
			buildConfigurations = (
				C01FCF4F08A954540054247B /* Debug */,
				C01FCF5008A954540054247B /* Release */,
			);
			defaultConfigurationIsVisible = 0;
			defaultConfigurationName = Release;
		};
		D4A5FF4010C9B86F00DB71B3 /* Build configuration list for PBXNativeTarget "APITest" */ = {
			isa = XCConfigurationList;
			buildConfigurations = (
				D4A5FF3E10C9B86F00DB71B3 /* Debug */,
				D4A5FF3F10C9B86F00DB71B3 /* Release */,
			);
			defaultConfigurationIsVisible = 0;
			defaultConfigurationName = Release;
		};
/* End XCConfigurationList section */
	};
	rootObject = 29B97313FDCFA39411CA2CEA /* Project object */;
}
